
Microsoft Visual Studio Solution File, Format Version 11.00
# Visual Studio 2010
Project("{FAE04EC0-301F-11D3-BF4B-00C04F79EFBC}") = "GameCreator.Runtime.Core", "GameCreator.Runtime.Core.csproj", "{a9021e37-1a0a-f7d2-6037-f04a9a2b466c}"
EndProject
Project("{FAE04EC0-301F-11D3-BF4B-00C04F79EFBC}") = "Unity.Timeline", "Unity.Timeline.csproj", "{4c672960-b59a-63d6-bf2d-42c7a304de43}"
EndProject
Project("{FAE04EC0-301F-11D3-BF4B-00C04F79EFBC}") = "GameCreator.Runtime.Inventory", "GameCreator.Runtime.Inventory.csproj", "{5cbe20c8-32a1-03d4-0ec5-e0f6de22c353}"
EndProject
Project("{FAE04EC0-301F-11D3-BF4B-00C04F79EFBC}") = "Unity.VisualScripting.Flow", "Unity.VisualScripting.Flow.csproj", "{5ba81e25-3858-676c-c2de-0532b084f8b4}"
EndProject
Project("{FAE04EC0-301F-11D3-BF4B-00C04F79EFBC}") = "Unity.Timeline.Editor", "Unity.Timeline.Editor.csproj", "{36fe3089-a9eb-21e8-24da-b0201278ac11}"
EndProject
Project("{FAE04EC0-301F-11D3-BF4B-00C04F79EFBC}") = "Unity.PlasticSCM.Editor", "Unity.PlasticSCM.Editor.csproj", "{2f206e86-9fa0-6894-4980-da8d4cef68fb}"
EndProject
Project("{FAE04EC0-301F-11D3-BF4B-00C04F79EFBC}") = "Unity.Mathematics", "Unity.Mathematics.csproj", "{6bd31074-3d65-47d1-4491-d1ee8e716818}"
EndProject
Project("{FAE04EC0-301F-11D3-BF4B-00C04F79EFBC}") = "GameCreator.Editor.Core", "GameCreator.Editor.Core.csproj", "{bbf21f99-6f80-a73c-d3fc-43c9a2e46da0}"
EndProject
Project("{FAE04EC0-301F-11D3-BF4B-00C04F79EFBC}") = "Unity.VisualScripting.Core.Editor", "Unity.VisualScripting.Core.Editor.csproj", "{729e8337-e135-c7c6-3220-217789220c89}"
EndProject
Project("{FAE04EC0-301F-11D3-BF4B-00C04F79EFBC}") = "GameCreator.Runtime.Dialogue", "GameCreator.Runtime.Dialogue.csproj", "{bb70a386-3532-8f18-13ee-088c8a3f1c23}"
EndProject
Project("{FAE04EC0-301F-11D3-BF4B-00C04F79EFBC}") = "UnityEditor.TestRunner", "UnityEditor.TestRunner.csproj", "{31c9f738-ac8c-a33b-d6d4-ef3b0050b278}"
EndProject
Project("{FAE04EC0-301F-11D3-BF4B-00C04F79EFBC}") = "GameCreator.Editor.Stats", "GameCreator.Editor.Stats.csproj", "{621a0092-d5b4-5a68-5ac6-f99beb8a6553}"
EndProject
Project("{FAE04EC0-301F-11D3-BF4B-00C04F79EFBC}") = "GameCreator.Editor.Inventory", "GameCreator.Editor.Inventory.csproj", "{7848a39d-429b-25bb-3031-e3bd365b05ce}"
EndProject
Project("{FAE04EC0-301F-11D3-BF4B-00C04F79EFBC}") = "Unity.InputSystem", "Unity.InputSystem.csproj", "{9a127719-8fb6-34d2-abc0-e8c813ce99ee}"
EndProject
Project("{FAE04EC0-301F-11D3-BF4B-00C04F79EFBC}") = "Unity.TextMeshPro.Editor", "Unity.TextMeshPro.Editor.csproj", "{d6c84530-bbc1-3da0-267e-90bbb9a71823}"
EndProject
Project("{FAE04EC0-301F-11D3-BF4B-00C04F79EFBC}") = "GameCreator.Runtime.Quests", "GameCreator.Runtime.Quests.csproj", "{926929a6-dc7f-5b3a-c437-2933e2764988}"
EndProject
Project("{FAE04EC0-301F-11D3-BF4B-00C04F79EFBC}") = "UnityEngine.TestRunner", "UnityEngine.TestRunner.csproj", "{04f536ba-b157-c794-e8a5-f8524406cb8b}"
EndProject
Project("{FAE04EC0-301F-11D3-BF4B-00C04F79EFBC}") = "Unity.VisualScripting.Core", "Unity.VisualScripting.Core.csproj", "{fdefce46-2f99-e2f3-15f1-4dfb6ba2ee85}"
EndProject
Project("{FAE04EC0-301F-11D3-BF4B-00C04F79EFBC}") = "Unity.VisualScripting.Flow.Editor", "Unity.VisualScripting.Flow.Editor.csproj", "{0797c252-a5c6-de28-c18f-90a7460d1ed7}"
EndProject
Project("{FAE04EC0-301F-11D3-BF4B-00C04F79EFBC}") = "Unity.Searcher.Editor", "Unity.Searcher.Editor.csproj", "{8fdcd410-3cd2-6a8d-f1e4-822b0c784ead}"
EndProject
Project("{FAE04EC0-301F-11D3-BF4B-00C04F79EFBC}") = "Unity.Burst", "Unity.Burst.csproj", "{90cbab0d-a807-2e28-93bc-888e538f7101}"
EndProject
Project("{FAE04EC0-301F-11D3-BF4B-00C04F79EFBC}") = "Unity.AI.Navigation.Editor", "Unity.AI.Navigation.Editor.csproj", "{b82324f3-48e3-1d3f-3150-0492a04f39a0}"
EndProject
Project("{FAE04EC0-301F-11D3-BF4B-00C04F79EFBC}") = "Unity.Animation.Rigging", "Unity.Animation.Rigging.csproj", "{c3895e85-8866-4510-0959-b4059395404c}"
EndProject
Project("{FAE04EC0-301F-11D3-BF4B-00C04F79EFBC}") = "GameCreator.Runtime.Stats", "GameCreator.Runtime.Stats.csproj", "{82ddcc69-dac7-4b49-fb02-8a0d93b79057}"
EndProject
Project("{FAE04EC0-301F-11D3-BF4B-00C04F79EFBC}") = "Unity.VisualStudio.Editor", "Unity.VisualStudio.Editor.csproj", "{54751bec-1ea5-5107-4322-68ec404e4822}"
EndProject
Project("{FAE04EC0-301F-11D3-BF4B-00C04F79EFBC}") = "Unity.Animation.Rigging.Editor", "Unity.Animation.Rigging.Editor.csproj", "{103dc93b-3250-7bbb-4caa-cc433c6bd260}"
EndProject
Project("{FAE04EC0-301F-11D3-BF4B-00C04F79EFBC}") = "Unity.Rider.Editor", "Unity.Rider.Editor.csproj", "{2320cb8d-ba23-8895-9b31-c1e089164a89}"
EndProject
Project("{FAE04EC0-301F-11D3-BF4B-00C04F79EFBC}") = "GameCreator.Editor.Quests", "GameCreator.Editor.Quests.csproj", "{7fbf1fae-d7b8-cafe-8c4e-6be0caea1a98}"
EndProject
Project("{FAE04EC0-301F-11D3-BF4B-00C04F79EFBC}") = "GameCreator.Runtime.Transitions", "GameCreator.Runtime.Transitions.csproj", "{a790b4b5-c270-9efb-f4d5-a8de061c4e44}"
EndProject
Project("{FAE04EC0-301F-11D3-BF4B-00C04F79EFBC}") = "Unity.AI.Navigation.Editor.ConversionSystem", "Unity.AI.Navigation.Editor.ConversionSystem.csproj", "{89dbfbb2-6421-3c02-ebba-722bd76342f9}"
EndProject
Project("{FAE04EC0-301F-11D3-BF4B-00C04F79EFBC}") = "Unity.VisualScripting.State.Editor", "Unity.VisualScripting.State.Editor.csproj", "{436f7b8e-eb76-fef2-0f3b-6d4436479215}"
EndProject
Project("{FAE04EC0-301F-11D3-BF4B-00C04F79EFBC}") = "Unity.Burst.CodeGen", "Unity.Burst.CodeGen.csproj", "{3b357155-83c0-47bd-966a-f9c9f1fbf30b}"
EndProject
Project("{FAE04EC0-301F-11D3-BF4B-00C04F79EFBC}") = "GameCreator.Editor.Dialogue", "GameCreator.Editor.Dialogue.csproj", "{3ad96988-d801-b3f9-266a-624b72b8af50}"
EndProject
Project("{FAE04EC0-301F-11D3-BF4B-00C04F79EFBC}") = "Unity.AI.Navigation", "Unity.AI.Navigation.csproj", "{a313ad26-aa99-c71a-db33-2a73f74587aa}"
EndProject
Project("{FAE04EC0-301F-11D3-BF4B-00C04F79EFBC}") = "Unity.VisualScripting.State", "Unity.VisualScripting.State.csproj", "{2746b6d7-1f3a-6520-12ad-ccda6360970b}"
EndProject
Project("{FAE04EC0-301F-11D3-BF4B-00C04F79EFBC}") = "Unity.TextMeshPro", "Unity.TextMeshPro.csproj", "{2c1ba248-ab6f-595f-676e-76b3f5667c55}"
EndProject
Project("{FAE04EC0-301F-11D3-BF4B-00C04F79EFBC}") = "GameCreator.Tests.Core", "GameCreator.Tests.Core.csproj", "{fe93a944-b690-3094-6777-2e0c2795c571}"
EndProject
Project("{FAE04EC0-301F-11D3-BF4B-00C04F79EFBC}") = "Unity.VisualScripting.SettingsProvider.Editor", "Unity.VisualScripting.SettingsProvider.Editor.csproj", "{b92b468d-c5ed-1bb2-fd55-f802bf745acb}"
EndProject
Project("{FAE04EC0-301F-11D3-BF4B-00C04F79EFBC}") = "Unity.VSCode.Editor", "Unity.VSCode.Editor.csproj", "{8602523f-4500-1088-3922-5cd15e520056}"
EndProject
Project("{FAE04EC0-301F-11D3-BF4B-00C04F79EFBC}") = "Unity.Burst.Editor", "Unity.Burst.Editor.csproj", "{cfb4fcc8-5476-b064-48d1-1fae2767821e}"
EndProject
Project("{FAE04EC0-301F-11D3-BF4B-00C04F79EFBC}") = "Assembly-CSharp-firstpass", "Assembly-CSharp-firstpass.csproj", "{4c4a0c91-ac5c-e7cf-60b7-bc94c6e2c250}"
EndProject
Project("{FAE04EC0-301F-11D3-BF4B-00C04F79EFBC}") = "Unity.AI.Navigation.Updater", "Unity.AI.Navigation.Updater.csproj", "{6b3b5c31-d9a2-2f82-9233-6f51e60cc490}"
EndProject
Project("{FAE04EC0-301F-11D3-BF4B-00C04F79EFBC}") = "Unity.Mathematics.Editor", "Unity.Mathematics.Editor.csproj", "{9bf5742c-4349-327d-f202-f5225ae97447}"
EndProject
Project("{FAE04EC0-301F-11D3-BF4B-00C04F79EFBC}") = "Assembly-CSharp-Editor-firstpass", "Assembly-CSharp-Editor-firstpass.csproj", "{339b579f-bbd2-9a1c-fa06-610abb80e2fe}"
EndProject
Project("{FAE04EC0-301F-11D3-BF4B-00C04F79EFBC}") = "Assembly-CSharp-Editor", "Assembly-CSharp-Editor.csproj", "{3bae940a-516c-d31f-9a0f-1765cce3531d}"
EndProject
Project("{FAE04EC0-301F-11D3-BF4B-00C04F79EFBC}") = "Assembly-CSharp", "Assembly-CSharp.csproj", "{8f454d43-5a4b-97f7-d1d5-d87c512898d4}"
EndProject
Project("{FAE04EC0-301F-11D3-BF4B-00C04F79EFBC}") = "Unity.VisualScripting.Shared.Editor", "Unity.VisualScripting.Shared.Editor.csproj", "{cb011fa8-74f0-feda-032c-caff2a3f0794}"
EndProject
Project("{FAE04EC0-301F-11D3-BF4B-00C04F79EFBC}") = "Unity.Animation.Rigging.DocCodeExamples", "Unity.Animation.Rigging.DocCodeExamples.csproj", "{fa2e710d-fbcc-221d-11dd-17a257303363}"
EndProject
Project("{FAE04EC0-301F-11D3-BF4B-00C04F79EFBC}") = "Unity.CollabProxy.Editor", "Unity.CollabProxy.Editor.csproj", "{376b9474-b838-05dc-84ab-6f5f59c89daf}"
EndProject
Global
	GlobalSection(SolutionConfigurationPlatforms) = preSolution
		Debug|Any CPU = Debug|Any CPU
	EndGlobalSection
	GlobalSection(ProjectConfigurationPlatforms) = postSolution
		{a9021e37-1a0a-f7d2-6037-f04a9a2b466c}.Debug|Any CPU.ActiveCfg = Debug|Any CPU
		{a9021e37-1a0a-f7d2-6037-f04a9a2b466c}.Debug|Any CPU.Build.0 = Debug|Any CPU
		{4c672960-b59a-63d6-bf2d-42c7a304de43}.Debug|Any CPU.ActiveCfg = Debug|Any CPU
		{4c672960-b59a-63d6-bf2d-42c7a304de43}.Debug|Any CPU.Build.0 = Debug|Any CPU
		{5cbe20c8-32a1-03d4-0ec5-e0f6de22c353}.Debug|Any CPU.ActiveCfg = Debug|Any CPU
		{5cbe20c8-32a1-03d4-0ec5-e0f6de22c353}.Debug|Any CPU.Build.0 = Debug|Any CPU
		{5ba81e25-3858-676c-c2de-0532b084f8b4}.Debug|Any CPU.ActiveCfg = Debug|Any CPU
		{5ba81e25-3858-676c-c2de-0532b084f8b4}.Debug|Any CPU.Build.0 = Debug|Any CPU
		{36fe3089-a9eb-21e8-24da-b0201278ac11}.Debug|Any CPU.ActiveCfg = Debug|Any CPU
		{36fe3089-a9eb-21e8-24da-b0201278ac11}.Debug|Any CPU.Build.0 = Debug|Any CPU
		{2f206e86-9fa0-6894-4980-da8d4cef68fb}.Debug|Any CPU.ActiveCfg = Debug|Any CPU
		{2f206e86-9fa0-6894-4980-da8d4cef68fb}.Debug|Any CPU.Build.0 = Debug|Any CPU
		{6bd31074-3d65-47d1-4491-d1ee8e716818}.Debug|Any CPU.ActiveCfg = Debug|Any CPU
		{6bd31074-3d65-47d1-4491-d1ee8e716818}.Debug|Any CPU.Build.0 = Debug|Any CPU
		{bbf21f99-6f80-a73c-d3fc-43c9a2e46da0}.Debug|Any CPU.ActiveCfg = Debug|Any CPU
		{bbf21f99-6f80-a73c-d3fc-43c9a2e46da0}.Debug|Any CPU.Build.0 = Debug|Any CPU
		{729e8337-e135-c7c6-3220-217789220c89}.Debug|Any CPU.ActiveCfg = Debug|Any CPU
		{729e8337-e135-c7c6-3220-217789220c89}.Debug|Any CPU.Build.0 = Debug|Any CPU
		{bb70a386-3532-8f18-13ee-088c8a3f1c23}.Debug|Any CPU.ActiveCfg = Debug|Any CPU
		{bb70a386-3532-8f18-13ee-088c8a3f1c23}.Debug|Any CPU.Build.0 = Debug|Any CPU
		{31c9f738-ac8c-a33b-d6d4-ef3b0050b278}.Debug|Any CPU.ActiveCfg = Debug|Any CPU
		{31c9f738-ac8c-a33b-d6d4-ef3b0050b278}.Debug|Any CPU.Build.0 = Debug|Any CPU
		{621a0092-d5b4-5a68-5ac6-f99beb8a6553}.Debug|Any CPU.ActiveCfg = Debug|Any CPU
		{621a0092-d5b4-5a68-5ac6-f99beb8a6553}.Debug|Any CPU.Build.0 = Debug|Any CPU
		{7848a39d-429b-25bb-3031-e3bd365b05ce}.Debug|Any CPU.ActiveCfg = Debug|Any CPU
		{7848a39d-429b-25bb-3031-e3bd365b05ce}.Debug|Any CPU.Build.0 = Debug|Any CPU
		{9a127719-8fb6-34d2-abc0-e8c813ce99ee}.Debug|Any CPU.ActiveCfg = Debug|Any CPU
		{9a127719-8fb6-34d2-abc0-e8c813ce99ee}.Debug|Any CPU.Build.0 = Debug|Any CPU
		{d6c84530-bbc1-3da0-267e-90bbb9a71823}.Debug|Any CPU.ActiveCfg = Debug|Any CPU
		{d6c84530-bbc1-3da0-267e-90bbb9a71823}.Debug|Any CPU.Build.0 = Debug|Any CPU
		{926929a6-dc7f-5b3a-c437-2933e2764988}.Debug|Any CPU.ActiveCfg = Debug|Any CPU
		{926929a6-dc7f-5b3a-c437-2933e2764988}.Debug|Any CPU.Build.0 = Debug|Any CPU
		{04f536ba-b157-c794-e8a5-f8524406cb8b}.Debug|Any CPU.ActiveCfg = Debug|Any CPU
		{04f536ba-b157-c794-e8a5-f8524406cb8b}.Debug|Any CPU.Build.0 = Debug|Any CPU
		{fdefce46-2f99-e2f3-15f1-4dfb6ba2ee85}.Debug|Any CPU.ActiveCfg = Debug|Any CPU
		{fdefce46-2f99-e2f3-15f1-4dfb6ba2ee85}.Debug|Any CPU.Build.0 = Debug|Any CPU
		{0797c252-a5c6-de28-c18f-90a7460d1ed7}.Debug|Any CPU.ActiveCfg = Debug|Any CPU
		{0797c252-a5c6-de28-c18f-90a7460d1ed7}.Debug|Any CPU.Build.0 = Debug|Any CPU
		{8fdcd410-3cd2-6a8d-f1e4-822b0c784ead}.Debug|Any CPU.ActiveCfg = Debug|Any CPU
		{8fdcd410-3cd2-6a8d-f1e4-822b0c784ead}.Debug|Any CPU.Build.0 = Debug|Any CPU
		{90cbab0d-a807-2e28-93bc-888e538f7101}.Debug|Any CPU.ActiveCfg = Debug|Any CPU
		{90cbab0d-a807-2e28-93bc-888e538f7101}.Debug|Any CPU.Build.0 = Debug|Any CPU
		{b82324f3-48e3-1d3f-3150-0492a04f39a0}.Debug|Any CPU.ActiveCfg = Debug|Any CPU
		{b82324f3-48e3-1d3f-3150-0492a04f39a0}.Debug|Any CPU.Build.0 = Debug|Any CPU
		{c3895e85-8866-4510-0959-b4059395404c}.Debug|Any CPU.ActiveCfg = Debug|Any CPU
		{c3895e85-8866-4510-0959-b4059395404c}.Debug|Any CPU.Build.0 = Debug|Any CPU
		{82ddcc69-dac7-4b49-fb02-8a0d93b79057}.Debug|Any CPU.ActiveCfg = Debug|Any CPU
		{82ddcc69-dac7-4b49-fb02-8a0d93b79057}.Debug|Any CPU.Build.0 = Debug|Any CPU
		{54751bec-1ea5-5107-4322-68ec404e4822}.Debug|Any CPU.ActiveCfg = Debug|Any CPU
		{54751bec-1ea5-5107-4322-68ec404e4822}.Debug|Any CPU.Build.0 = Debug|Any CPU
		{103dc93b-3250-7bbb-4caa-cc433c6bd260}.Debug|Any CPU.ActiveCfg = Debug|Any CPU
		{103dc93b-3250-7bbb-4caa-cc433c6bd260}.Debug|Any CPU.Build.0 = Debug|Any CPU
		{2320cb8d-ba23-8895-9b31-c1e089164a89}.Debug|Any CPU.ActiveCfg = Debug|Any CPU
		{2320cb8d-ba23-8895-9b31-c1e089164a89}.Debug|Any CPU.Build.0 = Debug|Any CPU
		{7fbf1fae-d7b8-cafe-8c4e-6be0caea1a98}.Debug|Any CPU.ActiveCfg = Debug|Any CPU
		{7fbf1fae-d7b8-cafe-8c4e-6be0caea1a98}.Debug|Any CPU.Build.0 = Debug|Any CPU
		{a790b4b5-c270-9efb-f4d5-a8de061c4e44}.Debug|Any CPU.ActiveCfg = Debug|Any CPU
		{a790b4b5-c270-9efb-f4d5-a8de061c4e44}.Debug|Any CPU.Build.0 = Debug|Any CPU
		{89dbfbb2-6421-3c02-ebba-722bd76342f9}.Debug|Any CPU.ActiveCfg = Debug|Any CPU
		{89dbfbb2-6421-3c02-ebba-722bd76342f9}.Debug|Any CPU.Build.0 = Debug|Any CPU
		{436f7b8e-eb76-fef2-0f3b-6d4436479215}.Debug|Any CPU.ActiveCfg = Debug|Any CPU
		{436f7b8e-eb76-fef2-0f3b-6d4436479215}.Debug|Any CPU.Build.0 = Debug|Any CPU
		{3b357155-83c0-47bd-966a-f9c9f1fbf30b}.Debug|Any CPU.ActiveCfg = Debug|Any CPU
		{3b357155-83c0-47bd-966a-f9c9f1fbf30b}.Debug|Any CPU.Build.0 = Debug|Any CPU
		{3ad96988-d801-b3f9-266a-624b72b8af50}.Debug|Any CPU.ActiveCfg = Debug|Any CPU
		{3ad96988-d801-b3f9-266a-624b72b8af50}.Debug|Any CPU.Build.0 = Debug|Any CPU
		{a313ad26-aa99-c71a-db33-2a73f74587aa}.Debug|Any CPU.ActiveCfg = Debug|Any CPU
		{a313ad26-aa99-c71a-db33-2a73f74587aa}.Debug|Any CPU.Build.0 = Debug|Any CPU
		{2746b6d7-1f3a-6520-12ad-ccda6360970b}.Debug|Any CPU.ActiveCfg = Debug|Any CPU
		{2746b6d7-1f3a-6520-12ad-ccda6360970b}.Debug|Any CPU.Build.0 = Debug|Any CPU
		{2c1ba248-ab6f-595f-676e-76b3f5667c55}.Debug|Any CPU.ActiveCfg = Debug|Any CPU
		{2c1ba248-ab6f-595f-676e-76b3f5667c55}.Debug|Any CPU.Build.0 = Debug|Any CPU
		{fe93a944-b690-3094-6777-2e0c2795c571}.Debug|Any CPU.ActiveCfg = Debug|Any CPU
		{fe93a944-b690-3094-6777-2e0c2795c571}.Debug|Any CPU.Build.0 = Debug|Any CPU
		{b92b468d-c5ed-1bb2-fd55-f802bf745acb}.Debug|Any CPU.ActiveCfg = Debug|Any CPU
		{b92b468d-c5ed-1bb2-fd55-f802bf745acb}.Debug|Any CPU.Build.0 = Debug|Any CPU
		{8602523f-4500-1088-3922-5cd15e520056}.Debug|Any CPU.ActiveCfg = Debug|Any CPU
		{8602523f-4500-1088-3922-5cd15e520056}.Debug|Any CPU.Build.0 = Debug|Any CPU
		{cfb4fcc8-5476-b064-48d1-1fae2767821e}.Debug|Any CPU.ActiveCfg = Debug|Any CPU
		{cfb4fcc8-5476-b064-48d1-1fae2767821e}.Debug|Any CPU.Build.0 = Debug|Any CPU
		{4c4a0c91-ac5c-e7cf-60b7-bc94c6e2c250}.Debug|Any CPU.ActiveCfg = Debug|Any CPU
		{4c4a0c91-ac5c-e7cf-60b7-bc94c6e2c250}.Debug|Any CPU.Build.0 = Debug|Any CPU
		{6b3b5c31-d9a2-2f82-9233-6f51e60cc490}.Debug|Any CPU.ActiveCfg = Debug|Any CPU
		{6b3b5c31-d9a2-2f82-9233-6f51e60cc490}.Debug|Any CPU.Build.0 = Debug|Any CPU
		{9bf5742c-4349-327d-f202-f5225ae97447}.Debug|Any CPU.ActiveCfg = Debug|Any CPU
		{9bf5742c-4349-327d-f202-f5225ae97447}.Debug|Any CPU.Build.0 = Debug|Any CPU
		{339b579f-bbd2-9a1c-fa06-610abb80e2fe}.Debug|Any CPU.ActiveCfg = Debug|Any CPU
		{339b579f-bbd2-9a1c-fa06-610abb80e2fe}.Debug|Any CPU.Build.0 = Debug|Any CPU
		{3bae940a-516c-d31f-9a0f-1765cce3531d}.Debug|Any CPU.ActiveCfg = Debug|Any CPU
		{3bae940a-516c-d31f-9a0f-1765cce3531d}.Debug|Any CPU.Build.0 = Debug|Any CPU
		{8f454d43-5a4b-97f7-d1d5-d87c512898d4}.Debug|Any CPU.ActiveCfg = Debug|Any CPU
		{8f454d43-5a4b-97f7-d1d5-d87c512898d4}.Debug|Any CPU.Build.0 = Debug|Any CPU
		{cb011fa8-74f0-feda-032c-caff2a3f0794}.Debug|Any CPU.ActiveCfg = Debug|Any CPU
		{cb011fa8-74f0-feda-032c-caff2a3f0794}.Debug|Any CPU.Build.0 = Debug|Any CPU
		{fa2e710d-fbcc-221d-11dd-17a257303363}.Debug|Any CPU.ActiveCfg = Debug|Any CPU
		{fa2e710d-fbcc-221d-11dd-17a257303363}.Debug|Any CPU.Build.0 = Debug|Any CPU
		{376b9474-b838-05dc-84ab-6f5f59c89daf}.Debug|Any CPU.ActiveCfg = Debug|Any CPU
		{376b9474-b838-05dc-84ab-6f5f59c89daf}.Debug|Any CPU.Build.0 = Debug|Any CPU
	EndGlobalSection
	GlobalSection(SolutionProperties) = preSolution
		HideSolutionNode = FALSE
	EndGlobalSection
EndGlobal
